{
  "version": 4,
  "terraform_version": "1.11.2",
  "serial": 68,
  "lineage": "b2b7ff03-3954-1d18-9443-4a2e871e96eb",
  "outputs": {},
  "resources": [
    {
      "mode": "data",
      "type": "aws_caller_identity",
      "name": "current",
      "provider": "provider[\"registry.terraform.io/hashicorp/aws\"]",
      "instances": [
        {
          "schema_version": 0,
          "attributes": {
            "account_id": "976193250022",
            "arn": "arn:aws:iam::976193250022:user/me-cli",
            "id": "976193250022",
            "user_id": "AIDA6GSNG4LTLSDVO6JRK"
          },
          "sensitive_attributes": []
        }
      ]
    },
    {
      "mode": "data",
      "type": "aws_iam_policy_document",
      "name": "ses_assume_role_policy",
      "provider": "provider[\"registry.terraform.io/hashicorp/aws\"]",
      "instances": [
        {
          "schema_version": 0,
          "attributes": {
            "id": "2512878919",
            "json": "{\n  \"Version\": \"2012-10-17\",\n  \"Statement\": [\n    {\n      \"Effect\": \"Allow\",\n      \"Action\": \"sts:AssumeRole\",\n      \"Principal\": {\n        \"Service\": \"ses.amazonaws.com\"\n      }\n    }\n  ]\n}",
            "minified_json": "{\"Version\":\"2012-10-17\",\"Statement\":[{\"Effect\":\"Allow\",\"Action\":\"sts:AssumeRole\",\"Principal\":{\"Service\":\"ses.amazonaws.com\"}}]}",
            "override_json": null,
            "override_policy_documents": null,
            "policy_id": null,
            "source_json": null,
            "source_policy_documents": null,
            "statement": [
              {
                "actions": [
                  "sts:AssumeRole"
                ],
                "condition": [],
                "effect": "Allow",
                "not_actions": [],
                "not_principals": [],
                "not_resources": [],
                "principals": [
                  {
                    "identifiers": [
                      "ses.amazonaws.com"
                    ],
                    "type": "Service"
                  }
                ],
                "resources": [],
                "sid": ""
              }
            ],
            "version": "2012-10-17"
          },
          "sensitive_attributes": []
        }
      ]
    },
    {
      "mode": "data",
      "type": "aws_iam_policy_document",
      "name": "ses_policy",
      "provider": "provider[\"registry.terraform.io/hashicorp/aws\"]",
      "instances": [
        {
          "schema_version": 0,
          "attributes": {
            "id": "2498813394",
            "json": "{\n  \"Version\": \"2012-10-17\",\n  \"Statement\": [\n    {\n      \"Effect\": \"Allow\",\n      \"Action\": \"s3:PutObject\",\n      \"Resource\": \"arn:aws:s3:::namnd-email-storage/*\"\n    }\n  ]\n}",
            "minified_json": "{\"Version\":\"2012-10-17\",\"Statement\":[{\"Effect\":\"Allow\",\"Action\":\"s3:PutObject\",\"Resource\":\"arn:aws:s3:::namnd-email-storage/*\"}]}",
            "override_json": null,
            "override_policy_documents": null,
            "policy_id": null,
            "source_json": null,
            "source_policy_documents": null,
            "statement": [
              {
                "actions": [
                  "s3:PutObject"
                ],
                "condition": [],
                "effect": "Allow",
                "not_actions": [],
                "not_principals": [],
                "not_resources": [],
                "principals": [],
                "resources": [
                  "arn:aws:s3:::namnd-email-storage/*"
                ],
                "sid": ""
              }
            ],
            "version": "2012-10-17"
          },
          "sensitive_attributes": []
        }
      ]
    },
    {
      "mode": "data",
      "type": "aws_region",
      "name": "current",
      "provider": "provider[\"registry.terraform.io/hashicorp/aws\"]",
      "instances": [
        {
          "schema_version": 0,
          "attributes": {
            "description": "Asia Pacific (Sydney)",
            "endpoint": "ec2.ap-southeast-2.amazonaws.com",
            "id": "ap-southeast-2",
            "name": "ap-southeast-2"
          },
          "sensitive_attributes": []
        }
      ]
    },
    {
      "mode": "managed",
      "type": "aws_iam_policy",
      "name": "ses_policy",
      "provider": "provider[\"registry.terraform.io/hashicorp/aws\"]",
      "instances": [
        {
          "schema_version": 0,
          "attributes": {
            "arn": "arn:aws:iam::976193250022:policy/ses-policy",
            "attachment_count": 1,
            "description": "",
            "id": "arn:aws:iam::976193250022:policy/ses-policy",
            "name": "ses-policy",
            "name_prefix": "",
            "path": "/",
            "policy": "{\"Statement\":[{\"Action\":\"s3:PutObject\",\"Effect\":\"Allow\",\"Resource\":\"arn:aws:s3:::namnd-email-storage/*\"}],\"Version\":\"2012-10-17\"}",
            "policy_id": "ANPA6GSNG4LTFZYNW6MPB",
            "tags": {},
            "tags_all": {}
          },
          "sensitive_attributes": [],
          "private": "bnVsbA==",
          "dependencies": [
            "aws_s3_bucket.email_storage",
            "data.aws_iam_policy_document.ses_policy"
          ]
        }
      ]
    },
    {
      "mode": "managed",
      "type": "aws_iam_role",
      "name": "ses_role",
      "provider": "provider[\"registry.terraform.io/hashicorp/aws\"]",
      "instances": [
        {
          "schema_version": 0,
          "attributes": {
            "arn": "arn:aws:iam::976193250022:role/ses-role",
            "assume_role_policy": "{\"Statement\":[{\"Action\":\"sts:AssumeRole\",\"Effect\":\"Allow\",\"Principal\":{\"Service\":\"ses.amazonaws.com\"}}],\"Version\":\"2012-10-17\"}",
            "create_date": "2025-03-15T12:08:06Z",
            "description": "",
            "force_detach_policies": false,
            "id": "ses-role",
            "inline_policy": [],
            "managed_policy_arns": [
              "arn:aws:iam::976193250022:policy/ses-policy"
            ],
            "max_session_duration": 3600,
            "name": "ses-role",
            "name_prefix": "",
            "path": "/",
            "permissions_boundary": "",
            "tags": {},
            "tags_all": {},
            "unique_id": "AROA6GSNG4LTLZQIHF6VX"
          },
          "sensitive_attributes": [],
          "private": "bnVsbA==",
          "dependencies": [
            "data.aws_iam_policy_document.ses_assume_role_policy"
          ]
        }
      ]
    },
    {
      "mode": "managed",
      "type": "aws_iam_role_policy_attachment",
      "name": "ses_policy_attachment",
      "provider": "provider[\"registry.terraform.io/hashicorp/aws\"]",
      "instances": [
        {
          "schema_version": 0,
          "attributes": {
            "id": "ses-role-20250315123416365400000001",
            "policy_arn": "arn:aws:iam::976193250022:policy/ses-policy",
            "role": "ses-role"
          },
          "sensitive_attributes": [],
          "private": "bnVsbA==",
          "dependencies": [
            "aws_iam_policy.ses_policy",
            "aws_iam_role.ses_role",
            "aws_s3_bucket.email_storage",
            "data.aws_iam_policy_document.ses_assume_role_policy",
            "data.aws_iam_policy_document.ses_policy"
          ]
        }
      ]
    },
    {
      "mode": "managed",
      "type": "aws_route53_record",
      "name": "amazonses_verification_record",
      "provider": "provider[\"registry.terraform.io/hashicorp/aws\"]",
      "instances": [
        {
          "schema_version": 2,
          "attributes": {
            "alias": [],
            "allow_overwrite": null,
            "cidr_routing_policy": [],
            "failover_routing_policy": [],
            "fqdn": "_amazonses.namnd.com",
            "geolocation_routing_policy": [],
            "geoproximity_routing_policy": [],
            "health_check_id": "",
            "id": "Z0493626MF6BGUCF1272__amazonses.namnd.com_TXT",
            "latency_routing_policy": [],
            "multivalue_answer_routing_policy": false,
            "name": "_amazonses.namnd.com",
            "records": [
              "0rZPcPkcFHIOmPNbv/VeveWKWzDp4XPt00H1jl30bj8="
            ],
            "set_identifier": "",
            "ttl": 600,
            "type": "TXT",
            "weighted_routing_policy": [],
            "zone_id": "Z0493626MF6BGUCF1272"
          },
          "sensitive_attributes": [],
          "private": "eyJzY2hlbWFfdmVyc2lvbiI6IjIifQ==",
          "dependencies": [
            "aws_route53_zone.this",
            "aws_ses_domain_identity.this"
          ]
        }
      ]
    },
    {
      "mode": "managed",
      "type": "aws_route53_record",
      "name": "dmarc_record",
      "provider": "provider[\"registry.terraform.io/hashicorp/aws\"]",
      "instances": [
        {
          "schema_version": 2,
          "attributes": {
            "alias": [],
            "allow_overwrite": null,
            "cidr_routing_policy": [],
            "failover_routing_policy": [],
            "fqdn": "_dmarc.namnd.com",
            "geolocation_routing_policy": [],
            "geoproximity_routing_policy": [],
            "health_check_id": "",
            "id": "Z0493626MF6BGUCF1272__dmarc.namnd.com_TXT",
            "latency_routing_policy": [],
            "multivalue_answer_routing_policy": false,
            "name": "_dmarc.namnd.com",
            "records": [
              "v=DMARC1; p=none;"
            ],
            "set_identifier": "",
            "ttl": 600,
            "type": "TXT",
            "weighted_routing_policy": [],
            "zone_id": "Z0493626MF6BGUCF1272"
          },
          "sensitive_attributes": [],
          "private": "eyJzY2hlbWFfdmVyc2lvbiI6IjIifQ==",
          "dependencies": [
            "aws_route53_zone.this"
          ]
        }
      ]
    },
    {
      "mode": "managed",
      "type": "aws_route53_record",
      "name": "gh_pages_txt",
      "provider": "provider[\"registry.terraform.io/hashicorp/aws\"]",
      "instances": [
        {
          "schema_version": 2,
          "attributes": {
            "alias": [],
            "allow_overwrite": null,
            "cidr_routing_policy": [],
            "failover_routing_policy": [],
            "fqdn": "_github-pages-challenge-namnd.namnd.com",
            "geolocation_routing_policy": [],
            "geoproximity_routing_policy": [],
            "health_check_id": "",
            "id": "Z0493626MF6BGUCF1272__github-pages-challenge-namnd_TXT",
            "latency_routing_policy": [],
            "multivalue_answer_routing_policy": false,
            "name": "_github-pages-challenge-namnd",
            "records": [
              "b08ca3c4f5fcbf0adbeb0aaad5eef4"
            ],
            "set_identifier": "",
            "ttl": 60,
            "type": "TXT",
            "weighted_routing_policy": [],
            "zone_id": "Z0493626MF6BGUCF1272"
          },
          "sensitive_attributes": [],
          "private": "eyJzY2hlbWFfdmVyc2lvbiI6IjIifQ==",
          "dependencies": [
            "aws_route53_zone.this"
          ]
        }
      ]
    },
    {
      "mode": "managed",
      "type": "aws_route53_record",
      "name": "ses_dkim_records",
      "provider": "provider[\"registry.terraform.io/hashicorp/aws\"]",
      "instances": [
        {
          "index_key": "ceatkfehemrjv7i2s2hdxbdzzdolulbw",
          "schema_version": 2,
          "attributes": {
            "alias": [],
            "allow_overwrite": null,
            "cidr_routing_policy": [],
            "failover_routing_policy": [],
            "fqdn": "ceatkfehemrjv7i2s2hdxbdzzdolulbw._domainkey.namnd.com",
            "geolocation_routing_policy": [],
            "geoproximity_routing_policy": [],
            "health_check_id": "",
            "id": "Z0493626MF6BGUCF1272_ceatkfehemrjv7i2s2hdxbdzzdolulbw._domainkey.namnd.com_CNAME",
            "latency_routing_policy": [],
            "multivalue_answer_routing_policy": false,
            "name": "ceatkfehemrjv7i2s2hdxbdzzdolulbw._domainkey.namnd.com",
            "records": [
              "ceatkfehemrjv7i2s2hdxbdzzdolulbw.dkim.amazonses.com"
            ],
            "set_identifier": "",
            "ttl": 600,
            "type": "CNAME",
            "weighted_routing_policy": [],
            "zone_id": "Z0493626MF6BGUCF1272"
          },
          "sensitive_attributes": [],
          "private": "eyJzY2hlbWFfdmVyc2lvbiI6IjIifQ==",
          "dependencies": [
            "aws_route53_zone.this",
            "aws_ses_domain_dkim.this",
            "aws_ses_domain_identity.this"
          ]
        },
        {
          "index_key": "gxx2fmncv4v54dixraxjecfzjc6lech3",
          "schema_version": 2,
          "attributes": {
            "alias": [],
            "allow_overwrite": null,
            "cidr_routing_policy": [],
            "failover_routing_policy": [],
            "fqdn": "gxx2fmncv4v54dixraxjecfzjc6lech3._domainkey.namnd.com",
            "geolocation_routing_policy": [],
            "geoproximity_routing_policy": [],
            "health_check_id": "",
            "id": "Z0493626MF6BGUCF1272_gxx2fmncv4v54dixraxjecfzjc6lech3._domainkey.namnd.com_CNAME",
            "latency_routing_policy": [],
            "multivalue_answer_routing_policy": false,
            "name": "gxx2fmncv4v54dixraxjecfzjc6lech3._domainkey.namnd.com",
            "records": [
              "gxx2fmncv4v54dixraxjecfzjc6lech3.dkim.amazonses.com"
            ],
            "set_identifier": "",
            "ttl": 600,
            "type": "CNAME",
            "weighted_routing_policy": [],
            "zone_id": "Z0493626MF6BGUCF1272"
          },
          "sensitive_attributes": [],
          "private": "eyJzY2hlbWFfdmVyc2lvbiI6IjIifQ==",
          "dependencies": [
            "aws_route53_zone.this",
            "aws_ses_domain_dkim.this",
            "aws_ses_domain_identity.this"
          ]
        },
        {
          "index_key": "wgne5ja6mqsh7trktrxlx4z4cuty4x4e",
          "schema_version": 2,
          "attributes": {
            "alias": [],
            "allow_overwrite": null,
            "cidr_routing_policy": [],
            "failover_routing_policy": [],
            "fqdn": "wgne5ja6mqsh7trktrxlx4z4cuty4x4e._domainkey.namnd.com",
            "geolocation_routing_policy": [],
            "geoproximity_routing_policy": [],
            "health_check_id": "",
            "id": "Z0493626MF6BGUCF1272_wgne5ja6mqsh7trktrxlx4z4cuty4x4e._domainkey.namnd.com_CNAME",
            "latency_routing_policy": [],
            "multivalue_answer_routing_policy": false,
            "name": "wgne5ja6mqsh7trktrxlx4z4cuty4x4e._domainkey.namnd.com",
            "records": [
              "wgne5ja6mqsh7trktrxlx4z4cuty4x4e.dkim.amazonses.com"
            ],
            "set_identifier": "",
            "ttl": 600,
            "type": "CNAME",
            "weighted_routing_policy": [],
            "zone_id": "Z0493626MF6BGUCF1272"
          },
          "sensitive_attributes": [],
          "private": "eyJzY2hlbWFfdmVyc2lvbiI6IjIifQ==",
          "dependencies": [
            "aws_route53_zone.this",
            "aws_ses_domain_dkim.this",
            "aws_ses_domain_identity.this"
          ]
        }
      ]
    },
    {
      "mode": "managed",
      "type": "aws_route53_record",
      "name": "ses_mx_record",
      "provider": "provider[\"registry.terraform.io/hashicorp/aws\"]",
      "instances": [
        {
          "schema_version": 2,
          "attributes": {
            "alias": [],
            "allow_overwrite": null,
            "cidr_routing_policy": [],
            "failover_routing_policy": [],
            "fqdn": "namnd.com",
            "geolocation_routing_policy": [],
            "geoproximity_routing_policy": [],
            "health_check_id": "",
            "id": "Z0493626MF6BGUCF1272_namnd.com_MX",
            "latency_routing_policy": [],
            "multivalue_answer_routing_policy": false,
            "name": "namnd.com",
            "records": [
              "10 inbound-smtp.ap-southeast-2.amazonaws.com"
            ],
            "set_identifier": "",
            "ttl": 600,
            "type": "MX",
            "weighted_routing_policy": [],
            "zone_id": "Z0493626MF6BGUCF1272"
          },
          "sensitive_attributes": [],
          "private": "eyJzY2hlbWFfdmVyc2lvbiI6IjIifQ==",
          "dependencies": [
            "aws_route53_zone.this",
            "aws_ses_domain_identity.this",
            "data.aws_region.current"
          ]
        }
      ]
    },
    {
      "mode": "managed",
      "type": "aws_route53_zone",
      "name": "this",
      "provider": "provider[\"registry.terraform.io/hashicorp/aws\"]",
      "instances": [
        {
          "schema_version": 0,
          "attributes": {
            "arn": "arn:aws:route53:::hostedzone/Z0493626MF6BGUCF1272",
            "comment": "Managed by Terraform",
            "delegation_set_id": "",
            "force_destroy": false,
            "id": "Z0493626MF6BGUCF1272",
            "name": "namnd.com",
            "name_servers": [
              "ns-100.awsdns-12.com",
              "ns-1117.awsdns-11.org",
              "ns-1748.awsdns-26.co.uk",
              "ns-578.awsdns-08.net"
            ],
            "primary_name_server": "ns-578.awsdns-08.net",
            "tags": {},
            "tags_all": {},
            "vpc": [],
            "zone_id": "Z0493626MF6BGUCF1272"
          },
          "sensitive_attributes": [],
          "private": "bnVsbA=="
        }
      ]
    },
    {
      "mode": "managed",
      "type": "aws_s3_bucket",
      "name": "email_storage",
      "provider": "provider[\"registry.terraform.io/hashicorp/aws\"]",
      "instances": [
        {
          "schema_version": 0,
          "attributes": {
            "acceleration_status": "",
            "acl": null,
            "arn": "arn:aws:s3:::namnd-email-storage",
            "bucket": "namnd-email-storage",
            "bucket_domain_name": "namnd-email-storage.s3.amazonaws.com",
            "bucket_prefix": "",
            "bucket_regional_domain_name": "namnd-email-storage.s3.ap-southeast-2.amazonaws.com",
            "cors_rule": [],
            "force_destroy": false,
            "grant": [
              {
                "id": "419cb122c1acf3f4cd9ebaca17c3d5f76b2454453960ff8623bfb089cef98924",
                "permissions": [
                  "FULL_CONTROL"
                ],
                "type": "CanonicalUser",
                "uri": ""
              }
            ],
            "hosted_zone_id": "Z1WCIGYICN2BYD",
            "id": "namnd-email-storage",
            "lifecycle_rule": [],
            "logging": [],
            "object_lock_configuration": [],
            "object_lock_enabled": false,
            "policy": "{\"Statement\":[{\"Action\":\"s3:PutObject\",\"Condition\":{\"StringEquals\":{\"aws:Referer\":\"976193250022\"}},\"Effect\":\"Allow\",\"Principal\":{\"Service\":\"ses.amazonaws.com\"},\"Resource\":\"arn:aws:s3:::namnd-email-storage/*\"}],\"Version\":\"2012-10-17\"}",
            "region": "ap-southeast-2",
            "replication_configuration": [],
            "request_payer": "BucketOwner",
            "server_side_encryption_configuration": [
              {
                "rule": [
                  {
                    "apply_server_side_encryption_by_default": [
                      {
                        "kms_master_key_id": "",
                        "sse_algorithm": "AES256"
                      }
                    ],
                    "bucket_key_enabled": true
                  }
                ]
              }
            ],
            "tags": {},
            "tags_all": {},
            "timeouts": null,
            "versioning": [
              {
                "enabled": false,
                "mfa_delete": false
              }
            ],
            "website": [],
            "website_domain": null,
            "website_endpoint": null
          },
          "sensitive_attributes": [],
          "private": "eyJlMmJmYjczMC1lY2FhLTExZTYtOGY4OC0zNDM2M2JjN2M0YzAiOnsiY3JlYXRlIjoxMjAwMDAwMDAwMDAwLCJkZWxldGUiOjM2MDAwMDAwMDAwMDAsInJlYWQiOjEyMDAwMDAwMDAwMDAsInVwZGF0ZSI6MTIwMDAwMDAwMDAwMH19"
        }
      ]
    },
    {
      "mode": "managed",
      "type": "aws_s3_bucket_policy",
      "name": "ses_policy",
      "provider": "provider[\"registry.terraform.io/hashicorp/aws\"]",
      "instances": [
        {
          "schema_version": 0,
          "attributes": {
            "bucket": "namnd-email-storage",
            "id": "namnd-email-storage",
            "policy": "{\"Statement\":[{\"Action\":\"s3:PutObject\",\"Condition\":{\"StringEquals\":{\"aws:Referer\":\"976193250022\"}},\"Effect\":\"Allow\",\"Principal\":{\"Service\":\"ses.amazonaws.com\"},\"Resource\":\"arn:aws:s3:::namnd-email-storage/*\"}],\"Version\":\"2012-10-17\"}"
          },
          "sensitive_attributes": [],
          "private": "bnVsbA==",
          "dependencies": [
            "aws_s3_bucket.email_storage",
            "data.aws_caller_identity.current"
          ]
        }
      ]
    },
    {
      "mode": "managed",
      "type": "aws_s3_bucket_server_side_encryption_configuration",
      "name": "email_storage",
      "provider": "provider[\"registry.terraform.io/hashicorp/aws\"]",
      "instances": [
        {
          "schema_version": 0,
          "attributes": {
            "bucket": "namnd-email-storage",
            "expected_bucket_owner": "",
            "id": "namnd-email-storage",
            "rule": [
              {
                "apply_server_side_encryption_by_default": [
                  {
                    "kms_master_key_id": "",
                    "sse_algorithm": "AES256"
                  }
                ],
                "bucket_key_enabled": null
              }
            ]
          },
          "sensitive_attributes": [],
          "private": "bnVsbA==",
          "dependencies": [
            "aws_s3_bucket.email_storage"
          ]
        }
      ]
    },
    {
      "mode": "managed",
      "type": "aws_ses_active_receipt_rule_set",
      "name": "this",
      "provider": "provider[\"registry.terraform.io/hashicorp/aws\"]",
      "instances": [
        {
          "schema_version": 0,
          "attributes": {
            "arn": "arn:aws:ses:ap-southeast-2:976193250022:receipt-rule-set/namnd.com",
            "id": "namnd.com",
            "rule_set_name": "namnd.com"
          },
          "sensitive_attributes": [],
          "private": "bnVsbA==",
          "dependencies": [
            "aws_ses_receipt_rule_set.this"
          ]
        }
      ]
    },
    {
      "mode": "managed",
      "type": "aws_ses_domain_dkim",
      "name": "this",
      "provider": "provider[\"registry.terraform.io/hashicorp/aws\"]",
      "instances": [
        {
          "schema_version": 0,
          "attributes": {
            "dkim_tokens": [
              "wgne5ja6mqsh7trktrxlx4z4cuty4x4e",
              "ceatkfehemrjv7i2s2hdxbdzzdolulbw",
              "gxx2fmncv4v54dixraxjecfzjc6lech3"
            ],
            "domain": "namnd.com",
            "id": "namnd.com"
          },
          "sensitive_attributes": [],
          "private": "bnVsbA==",
          "dependencies": [
            "aws_ses_domain_identity.this"
          ]
        }
      ]
    },
    {
      "mode": "managed",
      "type": "aws_ses_domain_identity",
      "name": "this",
      "provider": "provider[\"registry.terraform.io/hashicorp/aws\"]",
      "instances": [
        {
          "schema_version": 0,
          "attributes": {
            "arn": "arn:aws:ses:ap-southeast-2:976193250022:identity/namnd.com",
            "domain": "namnd.com",
            "id": "namnd.com",
            "verification_token": "0rZPcPkcFHIOmPNbv/VeveWKWzDp4XPt00H1jl30bj8="
          },
          "sensitive_attributes": [],
          "private": "bnVsbA=="
        }
      ]
    },
    {
      "mode": "managed",
      "type": "aws_ses_receipt_rule",
      "name": "store_emails",
      "provider": "provider[\"registry.terraform.io/hashicorp/aws\"]",
      "instances": [
        {
          "schema_version": 0,
          "attributes": {
            "add_header_action": [],
            "after": null,
            "arn": "arn:aws:ses:ap-southeast-2:976193250022:receipt-rule-set/namnd.com:receipt-rule/me-namnd",
            "bounce_action": [],
            "enabled": true,
            "id": "me-namnd",
            "lambda_action": [],
            "name": "me-namnd",
            "recipients": [
              "me@namnd.com"
            ],
            "rule_set_name": "namnd.com",
            "s3_action": [
              {
                "bucket_name": "namnd-email-storage",
                "iam_role_arn": "arn:aws:iam::976193250022:role/ses-role",
                "kms_key_arn": "",
                "object_key_prefix": "me",
                "position": 1,
                "topic_arn": ""
              }
            ],
            "scan_enabled": true,
            "sns_action": [],
            "stop_action": [],
            "tls_policy": "Require",
            "workmail_action": []
          },
          "sensitive_attributes": [],
          "private": "eyJzY2hlbWFfdmVyc2lvbiI6IjAifQ==",
          "dependencies": [
            "aws_iam_role.ses_role",
            "aws_s3_bucket.email_storage",
            "aws_ses_receipt_rule_set.this",
            "data.aws_iam_policy_document.ses_assume_role_policy"
          ]
        }
      ]
    },
    {
      "mode": "managed",
      "type": "aws_ses_receipt_rule_set",
      "name": "this",
      "provider": "provider[\"registry.terraform.io/hashicorp/aws\"]",
      "instances": [
        {
          "schema_version": 0,
          "attributes": {
            "arn": "arn:aws:ses:ap-southeast-2:976193250022:receipt-rule-set/namnd.com",
            "id": "namnd.com",
            "rule_set_name": "namnd.com"
          },
          "sensitive_attributes": [],
          "private": "bnVsbA=="
        }
      ]
    }
  ],
  "check_results": null
}
