{
  "version": 4,
  "terraform_version": "1.11.0",
  "serial": 3,
  "lineage": "b2b7ff03-3954-1d18-9443-4a2e871e96eb",
  "outputs": {},
  "resources": [
    {
      "mode": "managed",
      "type": "aws_route53_zone",
      "name": "this",
      "provider": "provider[\"registry.terraform.io/hashicorp/aws\"]",
      "instances": [
        {
          "schema_version": 0,
          "attributes": {
            "arn": "arn:aws:route53:::hostedzone/Z0493626MF6BGUCF1272",
            "comment": "Managed by Terraform",
            "delegation_set_id": "",
            "force_destroy": false,
            "id": "Z0493626MF6BGUCF1272",
            "name": "namnd.com",
            "name_servers": [
              "ns-100.awsdns-12.com",
              "ns-1117.awsdns-11.org",
              "ns-1748.awsdns-26.co.uk",
              "ns-578.awsdns-08.net"
            ],
            "primary_name_server": "ns-578.awsdns-08.net",
            "tags": {},
            "tags_all": {},
            "vpc": [],
            "zone_id": "Z0493626MF6BGUCF1272"
          },
          "sensitive_attributes": [],
          "private": "bnVsbA=="
        }
      ]
    }
  ],
  "check_results": null
}
